
Microsoft Visual Studio Solution File, Format Version 12.00
# Visual Studio Version 17
VisualStudioVersion = 17.5.002.0
MinimumVisualStudioVersion = 10.0.40219.1
Project("{2150E333-8FDC-42A3-9474-1A3956D46DE8}") = "Services", "Services", "{420A1AF0-9207-4B92-AE86-6C07658CB368}"
EndProject
Project("{2150E333-8FDC-42A3-9474-1A3956D46DE8}") = "Catalog", "Catalog", "{7D66D892-7BD3-4357-964D-58268CC0E55C}"
EndProject
Project("{FAE04EC0-301F-11D3-BF4B-00C04F79EFBC}") = "Catalog.API", "Services\Catalog\Catalog.API\Catalog.API.csproj", "{608519B3-0918-45D5-8A11-F719F5B7D57E}"
EndProject
Global
	GlobalSection(SolutionConfigurationPlatforms) = preSolution
		Debug|Any CPU = Debug|Any CPU
		Release|Any CPU = Release|Any CPU
	EndGlobalSection
	GlobalSection(ProjectConfigurationPlatforms) = postSolution
		{608519B3-0918-45D5-8A11-F719F5B7D57E}.Debug|Any CPU.ActiveCfg = Debug|Any CPU
		{608519B3-0918-45D5-8A11-F719F5B7D57E}.Debug|Any CPU.Build.0 = Debug|Any CPU
		{608519B3-0918-45D5-8A11-F719F5B7D57E}.Release|Any CPU.ActiveCfg = Release|Any CPU
		{608519B3-0918-45D5-8A11-F719F5B7D57E}.Release|Any CPU.Build.0 = Release|Any CPU
	EndGlobalSection
	GlobalSection(SolutionProperties) = preSolution
		HideSolutionNode = FALSE
	EndGlobalSection
	GlobalSection(ExtensibilityGlobals) = postSolution
		SolutionGuid = {A5FD90F5-B703-4E61-B0E7-CB185E80D721}
	EndGlobalSection
	GlobalSection(NestedProjects) = preSolution
		{7D66D892-7BD3-4357-964D-58268CC0E55C} = {420A1AF0-9207-4B92-AE86-6C07658CB368}
		{608519B3-0918-45D5-8A11-F719F5B7D57E} = {7D66D892-7BD3-4357-964D-58268CC0E55C}
	EndGlobalSection
EndGlobal
